// !$*UTF8*$!
{
	archiveVersion = 1;
	classes = {
	};
	objectVersion = 48;
	objects = {

/* Begin PBXBuildFile section */
		309F99A5206E7CED00F20ED7 /* AppDelegate.swift in Sources */ = {isa = PBXBuildFile; fileRef = 309F99A4206E7CED00F20ED7 /* AppDelegate.swift */; };
		309F99A7206E7CED00F20ED7 /* ViewController.swift in Sources */ = {isa = PBXBuildFile; fileRef = 309F99A6206E7CED00F20ED7 /* ViewController.swift */; };
		309F99AA206E7CED00F20ED7 /* Main.storyboard in Resources */ = {isa = PBXBuildFile; fileRef = 309F99A8206E7CED00F20ED7 /* Main.storyboard */; };
		309F99AC206E7CED00F20ED7 /* Assets.xcassets in Resources */ = {isa = PBXBuildFile; fileRef = 309F99AB206E7CED00F20ED7 /* Assets.xcassets */; };
		309F99AF206E7CED00F20ED7 /* LaunchScreen.storyboard in Resources */ = {isa = PBXBuildFile; fileRef = 309F99AD206E7CED00F20ED7 /* LaunchScreen.storyboard */; };
/* End PBXBuildFile section */

/* Begin PBXFileReference section */
		309F99A1206E7CED00F20ED7 /* AppStoreHomeInteractiveTransition.app */ = {isa = PBXFileReference; explicitFileType = wrapper.application; includeInIndex = 0; path = AppStoreHomeInteractiveTransition.app; sourceTree = BUILT_PRODUCTS_DIR; };
		309F99A4206E7CED00F20ED7 /* AppDelegate.swift */ = {isa = PBXFileReference; lastKnownFileType = sourcecode.swift; path = AppDelegate.swift; sourceTree = "<group>"; };
		309F99A6206E7CED00F20ED7 /* ViewController.swift */ = {isa = PBXFileReference; lastKnownFileType = sourcecode.swift; path = ViewController.swift; sourceTree = "<group>"; };
		309F99A9206E7CED00F20ED7 /* Base */ = {isa = PBXFileReference; lastKnownFileType = file.storyboard; name = Base; path = Base.lproj/Main.storyboard; sourceTree = "<group>"; };
		309F99AB206E7CED00F20ED7 /* Assets.xcassets */ = {isa = PBXFileReference; lastKnownFileType = folder.assetcatalog; path = Assets.xcassets; sourceTree = "<group>"; };
		309F99AE206E7CED00F20ED7 /* Base */ = {isa = PBXFileReference; lastKnownFileType = file.storyboard; name = Base; path = Base.lproj/LaunchScreen.storyboard; sourceTree = "<group>"; };
		309F99B0206E7CED00F20ED7 /* Info.plist */ = {isa = PBXFileReference; lastKnownFileType = text.plist.xml; path = Info.plist; sourceTree = "<group>"; };
/* End PBXFileReference section */

/* Begin PBXFrameworksBuildPhase section */
		309F999E206E7CED00F20ED7 /* Frameworks */ = {
			isa = PBXFrameworksBuildPhase;
			buildActionMask = 2147483647;
			files = (
			);
			runOnlyForDeploymentPostprocessing = 0;
		};
/* End PBXFrameworksBuildPhase section */

/* Begin PBXGroup section */
		309F9998206E7CED00F20ED7 = {
			isa = PBXGroup;
			children = (
				309F99A3206E7CED00F20ED7 /* AppStoreHomeInteractiveTransition */,
				309F99A2206E7CED00F20ED7 /* Products */,
			);
			sourceTree = "<group>";
		};
		309F99A2206E7CED00F20ED7 /* Products */ = {
			isa = PBXGroup;
			children = (
				309F99A1206E7CED00F20ED7 /* AppStoreHomeInteractiveTransition.app */,
			);
			name = Products;
			sourceTree = "<group>";
		};
		309F99A3206E7CED00F20ED7 /* AppStoreHomeInteractiveTransition */ = {
			isa = PBXGroup;
			children = (
				309F99A4206E7CED00F20ED7 /* AppDelegate.swift */,
				309F99A6206E7CED00F20ED7 /* ViewController.swift */,
				309F99A8206E7CED00F20ED7 /* Main.storyboard */,
				309F99AB206E7CED00F20ED7 /* Assets.xcassets */,
				309F99AD206E7CED00F20ED7 /* LaunchScreen.storyboard */,
				309F99B0206E7CED00F20ED7 /* Info.plist */,
			);
			path = AppStoreHomeInteractiveTransition;
			sourceTree = "<group>";
		};
/* End PBXGroup section */

/* Begin PBXNativeTarget section */
		309F99A0206E7CED00F20ED7 /* AppStoreHomeInteractiveTransition */ = {
			isa = PBXNativeTarget;
			buildConfigurationList = 309F99B3206E7CED00F20ED7 /* Build configuration list for PBXNativeTarget "AppStoreHomeInteractiveTransition" */;
			buildPhases = (
				309F999D206E7CED00F20ED7 /* Sources */,
				309F999E206E7CED00F20ED7 /* Frameworks */,
				309F999F206E7CED00F20ED7 /* Resources */,
			);
			buildRules = (
			);
			dependencies = (
			);
			name = AppStoreHomeInteractiveTransition;
			productName = AppStoreHomeInteractiveTransition;
			productReference = 309F99A1206E7CED00F20ED7 /* AppStoreHomeInteractiveTransition.app */;
			productType = "com.apple.product-type.application";
		};
/* End PBXNativeTarget section */

/* Begin PBXProject section */
		309F9999206E7CED00F20ED7 /* Project object */ = {
			isa = PBXProject;
			attributes = {
				LastSwiftUpdateCheck = 0920;
				LastUpgradeCheck = 0920;
				ORGANIZATIONNAME = "Wirawit Rueopas";
				TargetAttributes = {
					309F99A0206E7CED00F20ED7 = {
						CreatedOnToolsVersion = 9.2;
						ProvisioningStyle = Automatic;
					};
				};
			};
			buildConfigurationList = 309F999C206E7CED00F20ED7 /* Build configuration list for PBXProject "AppStoreHomeInteractiveTransition" */;
			compatibilityVersion = "Xcode 8.0";
			developmentRegion = en;
			hasScannedForEncodings = 0;
			knownRegions = (
				en,
				Base,
			);
			mainGroup = 309F9998206E7CED00F20ED7;
			productRefGroup = 309F99A2206E7CED00F20ED7 /* Products */;
			projectDirPath = "";
			projectRoot = "";
			targets = (
				309F99A0206E7CED00F20ED7 /* AppStoreHomeInteractiveTransition */,
			);
		};
/* End PBXProject section */

/* Begin PBXResourcesBuildPhase section */
		309F999F206E7CED00F20ED7 /* Resources */ = {
			isa = PBXResourcesBuildPhase;
			buildActionMask = 2147483647;
			files = (
				309F99AF206E7CED00F20ED7 /* LaunchScreen.storyboard in Resources */,
				309F99AC206E7CED00F20ED7 /* Assets.xcassets in Resources */,
				309F99AA206E7CED00F20ED7 /* Main.storyboard in Resources */,
			);
			runOnlyForDeploymentPostprocessing = 0;
		};
/* End PBXResourcesBuildPhase section */

/* Begin PBXSourcesBuildPhase section */
		309F999D206E7CED00F20ED7 /* Sources */ = {
			isa = PBXSourcesBuildPhase;
			buildActionMask = 2147483647;
			files = (
				309F99A7206E7CED00F20ED7 /* ViewController.swift in Sources */,
				309F99A5206E7CED00F20ED7 /* AppDelegate.swift in Sources */,
			);
			runOnlyForDeploymentPostprocessing = 0;
		};
/* End PBXSourcesBuildPhase section */

/* Begin PBXVariantGroup section */
		309F99A8206E7CED00F20ED7 /* Main.storyboard */ = {
			isa = PBXVariantGroup;
			children = (
				309F99A9206E7CED00F20ED7 /* Base */,
			);
			name = Main.storyboard;
			sourceTree = "<group>";
		};
		309F99AD206E7CED00F20ED7 /* LaunchScreen.storyboard */ = {
			isa = PBXVariantGroup;
			children = (
				309F99AE206E7CED00F20ED7 /* Base */,
			);
			name = LaunchScreen.storyboard;
			sourceTree = "<group>";
		};
/* End PBXVariantGroup section */

/* Begin XCBuildConfiguration section */
		309F99B1206E7CED00F20ED7 /* Debug */ = {
			isa = XCBuildConfiguration;
			buildSettings = {
				ALWAYS_SEARCH_USER_PATHS = NO;
				CLANG_ANALYZER_NONNULL = YES;
				CLANG_ANALYZER_NUMBER_OBJECT_CONVERSION = YES_AGGRESSIVE;
				CLANG_CXX_LANGUAGE_STANDARD = "gnu++14";
				CLANG_CXX_LIBRARY = "libc++";
				CLANG_ENABLE_MODULES = YES;
				CLANG_ENABLE_OBJC_ARC = YES;
				CLANG_WARN_BLOCK_CAPTURE_AUTORELEASING = YES;
				CLANG_WARN_BOOL_CONVERSION = YES;
				CLANG_WARN_COMMA = YES;
				CLANG_WARN_CONSTANT_CONVERSION = YES;
				CLANG_WARN_DIRECT_OBJC_ISA_USAGE = YES_ERROR;
				CLANG_WARN_DOCUMENTATION_COMMENTS = YES;
				CLANG_WARN_EMPTY_BODY = YES;
				CLANG_WARN_ENUM_CONVERSION = YES;
				CLANG_WARN_INFINITE_RECURSION = YES;
				CLANG_WARN_INT_CONVERSION = YES;
				CLANG_WARN_NON_LITERAL_NULL_CONVERSION = YES;
				CLANG_WARN_OBJC_LITERAL_CONVERSION = YES;
				CLANG_WARN_OBJC_ROOT_CLASS = YES_ERROR;
				CLANG_WARN_RANGE_LOOP_ANALYSIS = YES;
				CLANG_WARN_STRICT_PROTOTYPES = YES;
				CLANG_WARN_SUSPICIOUS_MOVE = YES;
				CLANG_WARN_UNGUARDED_AVAILABILITY = YES_AGGRESSIVE;
				CLANG_WARN_UNREACHABLE_CODE = YES;
				CLANG_WARN__DUPLICATE_METHOD_MATCH = YES;
				CODE_SIGN_IDENTITY = "iPhone Developer";
				COPY_PHASE_STRIP = NO;
				DEBUG_INFORMATION_FORMAT = dwarf;
				ENABLE_STRICT_OBJC_MSGSEND = YES;
				ENABLE_TESTABILITY = YES;
				GCC_C_LANGUAGE_STANDARD = gnu11;
				GCC_DYNAMIC_NO_PIC = NO;
				GCC_NO_COMMON_BLOCKS = YES;
				GCC_OPTIMIZATION_LEVEL = 0;
				GCC_PREPROCESSOR_DEFINITIONS = (
					"DEBUG=1",
					"$(inherited)",
				);
				GCC_WARN_64_TO_32_BIT_CONVERSION = YES;
				GCC_WARN_ABOUT_RETURN_TYPE = YES_ERROR;
				GCC_WARN_UNDECLARED_SELECTOR = YES;
				GCC_WARN_UNINITIALIZED_AUTOS = YES_AGGRESSIVE;
				GCC_WARN_UNUSED_FUNCTION = YES;
				GCC_WARN_UNUSED_VARIABLE = YES;
				IPHONEOS_DEPLOYMENT_TARGET = 11.2;
				MTL_ENABLE_DEBUG_INFO = YES;
				ONLY_ACTIVE_ARCH = YES;
				SDKROOT = iphoneos;
				SWIFT_ACTIVE_COMPILATION_CONDITIONS = DEBUG;
				SWIFT_OPTIMIZATION_LEVEL = "-Onone";
			};
			name = Debug;
		};
		309F99B2206E7CED00F20ED7 /* Release */ = {
			isa = XCBuildConfiguration;
			buildSettings = {
				ALWAYS_SEARCH_USER_PATHS = NO;
				CLANG_ANALYZER_NONNULL = YES;
				CLANG_ANALYZER_NUMBER_OBJECT_CONVERSION = YES_AGGRESSIVE;
				CLANG_CXX_LANGUAGE_STANDARD = "gnu++14";
				CLANG_CXX_LIBRARY = "libc++";
				CLANG_ENABLE_MODULES = YES;
				CLANG_ENABLE_OBJC_ARC = YES;
				CLANG_WARN_BLOCK_CAPTURE_AUTORELEASING = YES;
				CLANG_WARN_BOOL_CONVERSION = YES;
				CLANG_WARN_COMMA = YES;
				CLANG_WARN_CONSTANT_CONVERSION = YES;
				CLANG_WARN_DIRECT_OBJC_ISA_USAGE = YES_ERROR;
				CLANG_WARN_DOCUMENTATION_COMMENTS = YES;
				CLANG_WARN_EMPTY_BODY = YES;
				CLANG_WARN_ENUM_CONVERSION = YES;
				CLANG_WARN_INFINITE_RECURSION = YES;
				CLANG_WARN_INT_CONVERSION = YES;
				CLANG_WARN_NON_LITERAL_NULL_CONVERSION = YES;
				CLANG_WARN_OBJC_LITERAL_CONVERSION = YES;
				CLANG_WARN_OBJC_ROOT_CLASS = YES_ERROR;
				CLANG_WARN_RANGE_LOOP_ANALYSIS = YES;
				CLANG_WARN_STRICT_PROTOTYPES = YES;
				CLANG_WARN_SUSPICIOUS_MOVE = YES;
				CLANG_WARN_UNGUARDED_AVAILABILITY = YES_AGGRESSIVE;
				CLANG_WARN_UNREACHABLE_CODE = YES;
				CLANG_WARN__DUPLICATE_METHOD_MATCH = YES;
				CODE_SIGN_IDENTITY = "iPhone Developer";
				COPY_PHASE_STRIP = NO;
				DEBUG_INFORMATION_FORMAT = "dwarf-with-dsym";
				ENABLE_NS_ASSERTIONS = NO;
				ENABLE_STRICT_OBJC_MSGSEND = YES;
				GCC_C_LANGUAGE_STANDARD = gnu11;
				GCC_NO_COMMON_BLOCKS = YES;
				GCC_WARN_64_TO_32_BIT_CONVERSION = YES;
				GCC_WARN_ABOUT_RETURN_TYPE = YES_ERROR;
				GCC_WARN_UNDECLARED_SELECTOR = YES;
				GCC_WARN_UNINITIALIZED_AUTOS = YES_AGGRESSIVE;
				GCC_WARN_UNUSED_FUNCTION = YES;
				GCC_WARN_UNUSED_VARIABLE = YES;
				IPHONEOS_DEPLOYMENT_TARGET = 11.2;
				MTL_ENABLE_DEBUG_INFO = NO;
				SDKROOT = iphoneos;
				SWIFT_OPTIMIZATION_LEVEL = "-Owholemodule";
				VALIDATE_PRODUCT = YES;
			};
			name = Release;
		};
		309F99B4206E7CED00F20ED7 /* Debug */ = {
			isa = XCBuildConfiguration;
			buildSettings = {
				ASSETCATALOG_COMPILER_APPICON_NAME = AppIcon;
				CODE_SIGN_STYLE = Automatic;
				DEVELOPMENT_TEAM = C4JRFH5FHP;
				INFOPLIST_FILE = AppStoreHomeInteractiveTransition/Info.plist;
				LD_RUNPATH_SEARCH_PATHS = "$(inherited) @executable_path/Frameworks";
				PRODUCT_BUNDLE_IDENTIFIER = com.aunwirawit.AppStoreHomeInteractiveTransition;
				PRODUCT_NAME = "$(TARGET_NAME)";
				SWIFT_VERSION = 4.0;
				TARGETED_DEVICE_FAMILY = "1,2";
			};
			name = Debug;
		};
		309F99B5206E7CED00F20ED7 /* Release */ = {
			isa = XCBuildConfiguration;
			buildSettings = {
				ASSETCATALOG_COMPILER_APPICON_NAME = AppIcon;
				CODE_SIGN_STYLE = Automatic;
				DEVELOPMENT_TEAM = C4JRFH5FHP;
				INFOPLIST_FILE = AppStoreHomeInteractiveTransition/Info.plist;
				LD_RUNPATH_SEARCH_PATHS = "$(inherited) @executable_path/Frameworks";
				PRODUCT_BUNDLE_IDENTIFIER = com.aunwirawit.AppStoreHomeInteractiveTransition;
				PRODUCT_NAME = "$(TARGET_NAME)";
				SWIFT_VERSION = 4.0;
				TARGETED_DEVICE_FAMILY = "1,2";
			};
			name = Release;
		};
/* End XCBuildConfiguration section */

/* Begin XCConfigurationList section */
		309F999C206E7CED00F20ED7 /* Build configuration list for PBXProject "AppStoreHomeInteractiveTransition" */ = {
			isa = XCConfigurationList;
			buildConfigurations = (
				309F99B1206E7CED00F20ED7 /* Debug */,
				309F99B2206E7CED00F20ED7 /* Release */,
			);
			defaultConfigurationIsVisible = 0;
			defaultConfigurationName = Release;
		};
		309F99B3206E7CED00F20ED7 /* Build configuration list for PBXNativeTarget "AppStoreHomeInteractiveTransition" */ = {
			isa = XCConfigurationList;
			buildConfigurations = (
				309F99B4206E7CED00F20ED7 /* Debug */,
				309F99B5206E7CED00F20ED7 /* Release */,
			);
			defaultConfigurationIsVisible = 0;
			defaultConfigurationName = Release;
		};
/* End XCConfigurationList section */
	};
	rootObject = 309F9999206E7CED00F20ED7 /* Project object */;
}
